Microsoft Visual Studio Solution File, Format Version 11.00
# Visual Studio 2008

Project("{F2BF9E37-5CC2-1A78-68F7-95E892096ADD}") = "AndroidSheep", "Assembly-CSharp-vs.csproj", "{2C2BE32F-507D-7AC9-5002-2398C148D172}"
EndProject
Global
	GlobalSection(SolutionConfigurationPlatforms) = preSolution
		Debug|Any CPU = Debug|Any CPU
		Release|Any CPU = Release|Any CPU
	EndGlobalSection
	GlobalSection(ProjectConfigurationPlatforms) = postSolution
		{2C2BE32F-507D-7AC9-5002-2398C148D172}.Debug|Any CPU.ActiveCfg = Debug|Any CPU
		{2C2BE32F-507D-7AC9-5002-2398C148D172}.Debug|Any CPU.Build.0 = Debug|Any CPU
		{2C2BE32F-507D-7AC9-5002-2398C148D172}.Release|Any CPU.ActiveCfg = Release|Any CPU
		{2C2BE32F-507D-7AC9-5002-2398C148D172}.Release|Any CPU.Build.0 = Release|Any CPU
	EndGlobalSection
	GlobalSection(SolutionProperties) = preSolution
		HideSolutionNode = FALSE
	EndGlobalSection
																																																																																											GlobalSection(MonoDevelopProperties) = preSolution
		StartupItem = Assembly-CSharp.csproj
		Policies = $0
		$0.TextStylePolicy = $1
		$1.inheritsSet = null
		$1.scope = text/x-csharp
		$0.CSharpFormattingPolicy = $2
		$2.inheritsSet = Mono
		$2.inheritsScope = text/x-csharp
		$2.scope = text/x-csharp
		$0.TextStylePolicy = $3
		$3.FileWidth = 120
		$3.TabWidth = 4
		$3.EolMarker = Unix
		$3.inheritsSet = Mono
		$3.inheritsScope = text/plain
		$3.scope = text/plain
	EndGlobalSection

EndGlobal
